
Microsoft Visual Studio Solution File, Format Version 11.00
# Visual Studio 2010
Project("{FAE04EC0-301F-11D3-BF4B-00C04F79EFBC}") = "JustProxy", "JustProxy\JustProxy.csproj", "{425A163B-9A31-47F3-B20B-F715A20D886D}"
EndProject
Global
	GlobalSection(SolutionConfigurationPlatforms) = preSolution
		Debug|Any CPU = Debug|Any CPU
		Release|Any CPU = Release|Any CPU
	EndGlobalSection
	GlobalSection(ProjectConfigurationPlatforms) = postSolution
		{425A163B-9A31-47F3-B20B-F715A20D886D}.Debug|Any CPU.ActiveCfg = Debug|Any CPU
		{425A163B-9A31-47F3-B20B-F715A20D886D}.Debug|Any CPU.Build.0 = Debug|Any CPU
		{425A163B-9A31-47F3-B20B-F715A20D886D}.Release|Any CPU.ActiveCfg = Release|Any CPU
		{425A163B-9A31-47F3-B20B-F715A20D886D}.Release|Any CPU.Build.0 = Release|Any CPU
	EndGlobalSection
	GlobalSection(SolutionProperties) = preSolution
		HideSolutionNode = FALSE
	EndGlobalSection
EndGlobal
